
Microsoft Visual Studio Solution File, Format Version 11.00
# Visual Studio 2010
Project("{FAE04EC0-301F-11D3-BF4B-00C04F79EFBC}") = "minigameTest", "Assembly-CSharp.csproj", "{AA4EEC28-B806-4A18-765A-26A1A33E36BC}"
EndProject
Global
	GlobalSection(SolutionConfigurationPlatforms) = preSolution
		Debug|Any CPU = Debug|Any CPU
		Release|Any CPU = Release|Any CPU
	EndGlobalSection
	GlobalSection(ProjectConfigurationPlatforms) = postSolution
		{AA4EEC28-B806-4A18-765A-26A1A33E36BC}.Debug|Any CPU.ActiveCfg = Debug|Any CPU
		{AA4EEC28-B806-4A18-765A-26A1A33E36BC}.Debug|Any CPU.Build.0 = Debug|Any CPU
		{AA4EEC28-B806-4A18-765A-26A1A33E36BC}.Release|Any CPU.ActiveCfg = Release|Any CPU
		{AA4EEC28-B806-4A18-765A-26A1A33E36BC}.Release|Any CPU.Build.0 = Release|Any CPU
	EndGlobalSection
	GlobalSection(SolutionProperties) = preSolution
		HideSolutionNode = FALSE
	EndGlobalSection
	GlobalSection(MonoDevelopProperties) = preSolution
		StartupItem = Assembly-CSharp.csproj
	EndGlobalSection
EndGlobal
